// !$*UTF8*$!
{
	archiveVersion = 1;
	classes = {
	};
	objectVersion = 77;
	objects = {

/* Begin PBXBuildFile section */
		F7B47EB22FFD02AA00D8D4A1 /* QuestKeeperWidget.appex in Embed App Extensions */ = {isa = PBXBuildFile; fileRef = F7B47EB32FFD02AA00D8D4A1 /* QuestKeeperWidget.appex */; settings = {ATTRIBUTES = (RemoveHeadersOnCopy, ); }; };
/* End PBXBuildFile section */

/* Begin PBXContainerItemProxy section */
		B20C62AA2FFD556F00280BFB /* PBXContainerItemProxy */ = {
			isa = PBXContainerItemProxy;
			containerPortal = B20C62922FFD556D00280BFB /* Project object */;
			proxyType = 1;
			remoteGlobalIDString = B20C62992FFD556E00280BFB;
			remoteInfo = QuestKeeper;
		};
		B20C62B42FFD556F00280BFB /* PBXContainerItemProxy */ = {
			isa = PBXContainerItemProxy;
			containerPortal = B20C62922FFD556D00280BFB /* Project object */;
			proxyType = 1;
			remoteGlobalIDString = B20C62992FFD556E00280BFB;
			remoteInfo = QuestKeeper;
		};
		F7B47EB12FFD02AA00D8D4A1 /* PBXContainerItemProxy */ = {
			isa = PBXContainerItemProxy;
			containerPortal = B20C62922FFD556D00280BFB /* Project object */;
			proxyType = 1;
			remoteGlobalIDString = F7B47EB62FFD02AA00D8D4A1;
			remoteInfo = QuestKeeperWidget;
		};
/* End PBXContainerItemProxy section */

/* Begin PBXFileReference section */
		B20C629A2FFD556E00280BFB /* QuestKeeper.app */ = {isa = PBXFileReference; explicitFileType = wrapper.application; includeInIndex = 0; path = QuestKeeper.app; sourceTree = BUILT_PRODUCTS_DIR; };
		B20C62A92FFD556F00280BFB /* QuestKeeperTests.xctest */ = {isa = PBXFileReference; explicitFileType = wrapper.cfbundle; includeInIndex = 0; path = QuestKeeperTests.xctest; sourceTree = BUILT_PRODUCTS_DIR; };
		B20C62B32FFD556F00280BFB /* QuestKeeperUITests.xctest */ = {isa = PBXFileReference; explicitFileType = wrapper.cfbundle; includeInIndex = 0; path = QuestKeeperUITests.xctest; sourceTree = BUILT_PRODUCTS_DIR; };
		F7B47EB32FFD02AA00D8D4A1 /* QuestKeeperWidget.appex */ = {isa = PBXFileReference; explicitFileType = "wrapper.app-extension"; includeInIndex = 0; path = QuestKeeperWidget.appex; sourceTree = BUILT_PRODUCTS_DIR; };
/* End PBXFileReference section */

/* Begin PBXCopyFilesBuildPhase section */
		F7B47EB52FFD02AA00D8D4A1 /* Embed App Extensions */ = {
			isa = PBXCopyFilesBuildPhase;
			buildActionMask = 2147483647;
			dstPath = "";
			dstSubfolderSpec = 13;
			files = (
				F7B47EB22FFD02AA00D8D4A1 /* QuestKeeperWidget.appex in Embed App Extensions */,
			);
			name = "Embed App Extensions";
			runOnlyForDeploymentPostprocessing = 0;
		};
/* End PBXCopyFilesBuildPhase section */

/* Begin PBXFileSystemSynchronizedBuildFileExceptionSet section */
		B25B88A72FFE318E00E4B8BE /* Exceptions for "QuestKeeperWidget" folder in "QuestKeeperWidget" target */ = {
			isa = PBXFileSystemSynchronizedBuildFileExceptionSet;
			membershipExceptions = (
				Info.plist,
			);
			target = F7B47EB62FFD02AA00D8D4A1 /* QuestKeeperWidget */;
		};
/* End PBXFileSystemSynchronizedBuildFileExceptionSet section */

/* Begin PBXFileSystemSynchronizedRootGroup section */
		B20C629C2FFD556E00280BFB /* QuestKeeper */ = {
			isa = PBXFileSystemSynchronizedRootGroup;
			path = QuestKeeper;
			sourceTree = "<group>";
		};
		F7B47EA72FFCBF8B00D8D4A1 /* QuestKeeperShared */ = {
			isa = PBXFileSystemSynchronizedRootGroup;
			path = QuestKeeperShared;
			sourceTree = "<group>";
		};
		F7B47EB42FFD02AA00D8D4A1 /* QuestKeeperWidget */ = {
			isa = PBXFileSystemSynchronizedRootGroup;
			exceptions = (
				B25B88A72FFE318E00E4B8BE /* Exceptions for "QuestKeeperWidget" folder in "QuestKeeperWidget" target */,
			);
			path = QuestKeeperWidget;
			sourceTree = "<group>";
		};
		B20C62AC2FFD556F00280BFB /* QuestKeeperTests */ = {
			isa = PBXFileSystemSynchronizedRootGroup;
			path = QuestKeeperTests;
			sourceTree = "<group>";
		};
		B20C62B62FFD556F00280BFB /* QuestKeeperUITests */ = {
			isa = PBXFileSystemSynchronizedRootGroup;
			path = QuestKeeperUITests;
			sourceTree = "<group>";
		};
/* End PBXFileSystemSynchronizedRootGroup section */

/* Begin PBXFrameworksBuildPhase section */
		B20C62972FFD556E00280BFB /* Frameworks */ = {
			isa = PBXFrameworksBuildPhase;
			buildActionMask = 2147483647;
			files = (
			);
			runOnlyForDeploymentPostprocessing = 0;
		};
		B20C62A62FFD556F00280BFB /* Frameworks */ = {
			isa = PBXFrameworksBuildPhase;
			buildActionMask = 2147483647;
			files = (
			);
			runOnlyForDeploymentPostprocessing = 0;
		};
		B20C62B02FFD556F00280BFB /* Frameworks */ = {
			isa = PBXFrameworksBuildPhase;
			buildActionMask = 2147483647;
			files = (
			);
			runOnlyForDeploymentPostprocessing = 0;
		};
		F7B47EB82FFD02AA00D8D4A1 /* Frameworks */ = {
			isa = PBXFrameworksBuildPhase;
			buildActionMask = 2147483647;
			files = (
			);
			runOnlyForDeploymentPostprocessing = 0;
		};
/* End PBXFrameworksBuildPhase section */

/* Begin PBXGroup section */
		B20C62912FFD556D00280BFB = {
			isa = PBXGroup;
			children = (
				B20C629C2FFD556E00280BFB /* QuestKeeper */,
				F7B47EA72FFCBF8B00D8D4A1 /* QuestKeeperShared */,
				F7B47EB42FFD02AA00D8D4A1 /* QuestKeeperWidget */,
				B20C62AC2FFD556F00280BFB /* QuestKeeperTests */,
				B20C62B62FFD556F00280BFB /* QuestKeeperUITests */,
				B20C629B2FFD556E00280BFB /* Products */,
			);
			sourceTree = "<group>";
		};
		B20C629B2FFD556E00280BFB /* Products */ = {
			isa = PBXGroup;
			children = (
				B20C629A2FFD556E00280BFB /* QuestKeeper.app */,
				B20C62A92FFD556F00280BFB /* QuestKeeperTests.xctest */,
				B20C62B32FFD556F00280BFB /* QuestKeeperUITests.xctest */,
				F7B47EB32FFD02AA00D8D4A1 /* QuestKeeperWidget.appex */,
			);
			name = Products;
			sourceTree = "<group>";
		};
/* End PBXGroup section */

/* Begin PBXNativeTarget section */
		B20C62992FFD556E00280BFB /* QuestKeeper */ = {
			isa = PBXNativeTarget;
			buildConfigurationList = B20C62BD2FFD556F00280BFB /* Build configuration list for PBXNativeTarget "QuestKeeper" */;
			buildPhases = (
				B20C62962FFD556E00280BFB /* Sources */,
				B20C62972FFD556E00280BFB /* Frameworks */,
				B20C62982FFD556E00280BFB /* Resources */,
				F7B47EB52FFD02AA00D8D4A1 /* Embed App Extensions */,
			);
			buildRules = (
			);
			dependencies = (
				F7B47EBA2FFD02AA00D8D4A1 /* PBXTargetDependency */,
			);
			fileSystemSynchronizedGroups = (
				B20C629C2FFD556E00280BFB /* QuestKeeper */,
				F7B47EA72FFCBF8B00D8D4A1 /* QuestKeeperShared */,
			);
			name = QuestKeeper;
			packageProductDependencies = (
			);
			productName = QuestKeeper;
			productReference = B20C629A2FFD556E00280BFB /* QuestKeeper.app */;
			productType = "com.apple.product-type.application";
		};
		B20C62A82FFD556F00280BFB /* QuestKeeperTests */ = {
			isa = PBXNativeTarget;
			buildConfigurationList = B20C62C02FFD556F00280BFB /* Build configuration list for PBXNativeTarget "QuestKeeperTests" */;
			buildPhases = (
				B20C62A52FFD556F00280BFB /* Sources */,
				B20C62A62FFD556F00280BFB /* Frameworks */,
				B20C62A72FFD556F00280BFB /* Resources */,
			);
			buildRules = (
			);
			dependencies = (
				B20C62AB2FFD556F00280BFB /* PBXTargetDependency */,
			);
			fileSystemSynchronizedGroups = (
				B20C62AC2FFD556F00280BFB /* QuestKeeperTests */,
			);
			name = QuestKeeperTests;
			packageProductDependencies = (
			);
			productName = QuestKeeperTests;
			productReference = B20C62A92FFD556F00280BFB /* QuestKeeperTests.xctest */;
			productType = "com.apple.product-type.bundle.unit-test";
		};
		B20C62B22FFD556F00280BFB /* QuestKeeperUITests */ = {
			isa = PBXNativeTarget;
			buildConfigurationList = B20C62C32FFD556F00280BFB /* Build configuration list for PBXNativeTarget "QuestKeeperUITests" */;
			buildPhases = (
				B20C62AF2FFD556F00280BFB /* Sources */,
				B20C62B02FFD556F00280BFB /* Frameworks */,
				B20C62B12FFD556F00280BFB /* Resources */,
			);
			buildRules = (
			);
			dependencies = (
				B20C62B52FFD556F00280BFB /* PBXTargetDependency */,
			);
			fileSystemSynchronizedGroups = (
				B20C62B62FFD556F00280BFB /* QuestKeeperUITests */,
			);
			name = QuestKeeperUITests;
			packageProductDependencies = (
			);
			productName = QuestKeeperUITests;
			productReference = B20C62B32FFD556F00280BFB /* QuestKeeperUITests.xctest */;
			productType = "com.apple.product-type.bundle.ui-testing";
		};
		F7B47EB62FFD02AA00D8D4A1 /* QuestKeeperWidget */ = {
			isa = PBXNativeTarget;
			buildConfigurationList = F7B47EBD2FFD02AA00D8D4A1 /* Build configuration list for PBXNativeTarget "QuestKeeperWidget" */;
			buildPhases = (
				F7B47EB72FFD02AA00D8D4A1 /* Sources */,
				F7B47EB82FFD02AA00D8D4A1 /* Frameworks */,
				F7B47EB92FFD02AA00D8D4A1 /* Resources */,
			);
			buildRules = (
			);
			dependencies = (
			);
			fileSystemSynchronizedGroups = (
				F7B47EB42FFD02AA00D8D4A1 /* QuestKeeperWidget */,
				F7B47EA72FFCBF8B00D8D4A1 /* QuestKeeperShared */,
			);
			name = QuestKeeperWidget;
			packageProductDependencies = (
			);
			productName = QuestKeeperWidget;
			productReference = F7B47EB32FFD02AA00D8D4A1 /* QuestKeeperWidget.appex */;
			productType = "com.apple.product-type.app-extension";
		};
/* End PBXNativeTarget section */

/* Begin PBXProject section */
		B20C62922FFD556D00280BFB /* Project object */ = {
			isa = PBXProject;
			attributes = {
				BuildIndependentTargetsInParallel = 1;
				LastSwiftUpdateCheck = 2660;
				LastUpgradeCheck = 2660;
				TargetAttributes = {
					B20C62992FFD556E00280BFB = {
						CreatedOnToolsVersion = 26.6;
					};
					B20C62A82FFD556F00280BFB = {
						CreatedOnToolsVersion = 26.6;
						TestTargetID = B20C62992FFD556E00280BFB;
					};
					B20C62B22FFD556F00280BFB = {
						CreatedOnToolsVersion = 26.6;
						TestTargetID = B20C62992FFD556E00280BFB;
					};
					F7B47EB62FFD02AA00D8D4A1 = {
						CreatedOnToolsVersion = 26.6;
					};
				};
			};
			buildConfigurationList = B20C62952FFD556E00280BFB /* Build configuration list for PBXProject "QuestKeeper" */;
			developmentRegion = en;
			hasScannedForEncodings = 0;
			knownRegions = (
				en,
				Base,
			);
			mainGroup = B20C62912FFD556D00280BFB;
			minimizedProjectReferenceProxies = 1;
			preferredProjectObjectVersion = 77;
			productRefGroup = B20C629B2FFD556E00280BFB /* Products */;
			projectDirPath = "";
			projectRoot = "";
			targets = (
				B20C62992FFD556E00280BFB /* QuestKeeper */,
				B20C62A82FFD556F00280BFB /* QuestKeeperTests */,
				B20C62B22FFD556F00280BFB /* QuestKeeperUITests */,
				F7B47EB62FFD02AA00D8D4A1 /* QuestKeeperWidget */,
			);
		};
/* End PBXProject section */

/* Begin PBXResourcesBuildPhase section */
		B20C62982FFD556E00280BFB /* Resources */ = {
			isa = PBXResourcesBuildPhase;
			buildActionMask = 2147483647;
			files = (
			);
			runOnlyForDeploymentPostprocessing = 0;
		};
		B20C62A72FFD556F00280BFB /* Resources */ = {
			isa = PBXResourcesBuildPhase;
			buildActionMask = 2147483647;
			files = (
			);
			runOnlyForDeploymentPostprocessing = 0;
		};
		B20C62B12FFD556F00280BFB /* Resources */ = {
			isa = PBXResourcesBuildPhase;
			buildActionMask = 2147483647;
			files = (
			);
			runOnlyForDeploymentPostprocessing = 0;
		};
		F7B47EB92FFD02AA00D8D4A1 /* Resources */ = {
			isa = PBXResourcesBuildPhase;
			buildActionMask = 2147483647;
			files = (
			);
			runOnlyForDeploymentPostprocessing = 0;
		};
/* End PBXResourcesBuildPhase section */

/* Begin PBXSourcesBuildPhase section */
		B20C62962FFD556E00280BFB /* Sources */ = {
			isa = PBXSourcesBuildPhase;
			buildActionMask = 2147483647;
			files = (
			);
			runOnlyForDeploymentPostprocessing = 0;
		};
		B20C62A52FFD556F00280BFB /* Sources */ = {
			isa = PBXSourcesBuildPhase;
			buildActionMask = 2147483647;
			files = (
			);
			runOnlyForDeploymentPostprocessing = 0;
		};
		B20C62AF2FFD556F00280BFB /* Sources */ = {
			isa = PBXSourcesBuildPhase;
			buildActionMask = 2147483647;
			files = (
			);
			runOnlyForDeploymentPostprocessing = 0;
		};
		F7B47EB72FFD02AA00D8D4A1 /* Sources */ = {
			isa = PBXSourcesBuildPhase;
			buildActionMask = 2147483647;
			files = (
			);
			runOnlyForDeploymentPostprocessing = 0;
		};
/* End PBXSourcesBuildPhase section */

/* Begin PBXTargetDependency section */
		B20C62AB2FFD556F00280BFB /* PBXTargetDependency */ = {
			isa = PBXTargetDependency;
			target = B20C62992FFD556E00280BFB /* QuestKeeper */;
			targetProxy = B20C62AA2FFD556F00280BFB /* PBXContainerItemProxy */;
		};
		B20C62B52FFD556F00280BFB /* PBXTargetDependency */ = {
			isa = PBXTargetDependency;
			target = B20C62992FFD556E00280BFB /* QuestKeeper */;
			targetProxy = B20C62B42FFD556F00280BFB /* PBXContainerItemProxy */;
		};
		F7B47EBA2FFD02AA00D8D4A1 /* PBXTargetDependency */ = {
			isa = PBXTargetDependency;
			target = F7B47EB62FFD02AA00D8D4A1 /* QuestKeeperWidget */;
			targetProxy = F7B47EB12FFD02AA00D8D4A1 /* PBXContainerItemProxy */;
		};
/* End PBXTargetDependency section */

/* Begin XCBuildConfiguration section */
		B20C62BB2FFD556F00280BFB /* Debug */ = {
			isa = XCBuildConfiguration;
			buildSettings = {
				ALWAYS_SEARCH_USER_PATHS = NO;
				ASSETCATALOG_COMPILER_GENERATE_SWIFT_ASSET_SYMBOL_EXTENSIONS = YES;
				CLANG_ANALYZER_NONNULL = YES;
				CLANG_ANALYZER_NUMBER_OBJECT_CONVERSION = YES_AGGRESSIVE;
				CLANG_CXX_LANGUAGE_STANDARD = "gnu++20";
				CLANG_ENABLE_MODULES = YES;
				CLANG_ENABLE_OBJC_ARC = YES;
				CLANG_ENABLE_OBJC_WEAK = YES;
				CLANG_WARN_BLOCK_CAPTURE_AUTORELEASING = YES;
				CLANG_WARN_BOOL_CONVERSION = YES;
				CLANG_WARN_COMMA = YES;
				CLANG_WARN_CONSTANT_CONVERSION = YES;
				CLANG_WARN_DEPRECATED_OBJC_IMPLEMENTATIONS = YES;
				CLANG_WARN_DIRECT_OBJC_ISA_USAGE = YES_ERROR;
				CLANG_WARN_DOCUMENTATION_COMMENTS = YES;
				CLANG_WARN_EMPTY_BODY = YES;
				CLANG_WARN_ENUM_CONVERSION = YES;
				CLANG_WARN_INFINITE_RECURSION = YES;
				CLANG_WARN_INT_CONVERSION = YES;
				CLANG_WARN_NON_LITERAL_NULL_CONVERSION = YES;
				CLANG_WARN_OBJC_IMPLICIT_RETAIN_SELF = YES;
				CLANG_WARN_OBJC_LITERAL_CONVERSION = YES;
				CLANG_WARN_OBJC_ROOT_CLASS = YES_ERROR;
				CLANG_WARN_QUOTED_INCLUDE_IN_FRAMEWORK_HEADER = YES;
				CLANG_WARN_RANGE_LOOP_ANALYSIS = YES;
				CLANG_WARN_STRICT_PROTOTYPES = YES;
				CLANG_WARN_SUSPICIOUS_MOVE = YES;
				CLANG_WARN_UNGUARDED_AVAILABILITY = YES_AGGRESSIVE;
				CLANG_WARN_UNREACHABLE_CODE = YES;
				CLANG_WARN__DUPLICATE_METHOD_MATCH = YES;
				COPY_PHASE_STRIP = NO;
				DEBUG_INFORMATION_FORMAT = dwarf;
				DEVELOPMENT_TEAM = 393JTTV68D;
				ENABLE_STRICT_OBJC_MSGSEND = YES;
				ENABLE_TESTABILITY = YES;
				ENABLE_USER_SCRIPT_SANDBOXING = YES;
				GCC_C_LANGUAGE_STANDARD = gnu17;
				GCC_DYNAMIC_NO_PIC = NO;
				GCC_NO_COMMON_BLOCKS = YES;
				GCC_OPTIMIZATION_LEVEL = 0;
				GCC_PREPROCESSOR_DEFINITIONS = (
					"DEBUG=1",
					"$(inherited)",
				);
				GCC_WARN_64_TO_32_BIT_CONVERSION = YES;
				GCC_WARN_ABOUT_RETURN_TYPE = YES_ERROR;
				GCC_WARN_UNDECLARED_SELECTOR = YES;
				GCC_WARN_UNINITIALIZED_AUTOS = YES_AGGRESSIVE;
				GCC_WARN_UNUSED_FUNCTION = YES;
				GCC_WARN_UNUSED_VARIABLE = YES;
				LOCALIZATION_PREFERS_STRING_CATALOGS = YES;
				MTL_ENABLE_DEBUG_INFO = INCLUDE_SOURCE;
				MTL_FAST_MATH = YES;
				ONLY_ACTIVE_ARCH = YES;
				SWIFT_ACTIVE_COMPILATION_CONDITIONS = "DEBUG $(inherited)";
				SWIFT_OPTIMIZATION_LEVEL = "-Onone";
			};
			name = Debug;
		};
		B20C62BC2FFD556F00280BFB /* Release */ = {
			isa = XCBuildConfiguration;
			buildSettings = {
				ALWAYS_SEARCH_USER_PATHS = NO;
				ASSETCATALOG_COMPILER_GENERATE_SWIFT_ASSET_SYMBOL_EXTENSIONS = YES;
				CLANG_ANALYZER_NONNULL = YES;
				CLANG_ANALYZER_NUMBER_OBJECT_CONVERSION = YES_AGGRESSIVE;
				CLANG_CXX_LANGUAGE_STANDARD = "gnu++20";
				CLANG_ENABLE_MODULES = YES;
				CLANG_ENABLE_OBJC_ARC = YES;
				CLANG_ENABLE_OBJC_WEAK = YES;
				CLANG_WARN_BLOCK_CAPTURE_AUTORELEASING = YES;
				CLANG_WARN_BOOL_CONVERSION = YES;
				CLANG_WARN_COMMA = YES;
				CLANG_WARN_CONSTANT_CONVERSION = YES;
				CLANG_WARN_DEPRECATED_OBJC_IMPLEMENTATIONS = YES;
				CLANG_WARN_DIRECT_OBJC_ISA_USAGE = YES_ERROR;
				CLANG_WARN_DOCUMENTATION_COMMENTS = YES;
				CLANG_WARN_EMPTY_BODY = YES;
				CLANG_WARN_ENUM_CONVERSION = YES;
				CLANG_WARN_INFINITE_RECURSION = YES;
				CLANG_WARN_INT_CONVERSION = YES;
				CLANG_WARN_NON_LITERAL_NULL_CONVERSION = YES;
				CLANG_WARN_OBJC_IMPLICIT_RETAIN_SELF = YES;
				CLANG_WARN_OBJC_LITERAL_CONVERSION = YES;
				CLANG_WARN_OBJC_ROOT_CLASS = YES_ERROR;
				CLANG_WARN_QUOTED_INCLUDE_IN_FRAMEWORK_HEADER = YES;
				CLANG_WARN_RANGE_LOOP_ANALYSIS = YES;
				CLANG_WARN_STRICT_PROTOTYPES = YES;
				CLANG_WARN_SUSPICIOUS_MOVE = YES;
				CLANG_WARN_UNGUARDED_AVAILABILITY = YES_AGGRESSIVE;
				CLANG_WARN_UNREACHABLE_CODE = YES;
				CLANG_WARN__DUPLICATE_METHOD_MATCH = YES;
				COPY_PHASE_STRIP = NO;
				DEBUG_INFORMATION_FORMAT = "dwarf-with-dsym";
				DEVELOPMENT_TEAM = 393JTTV68D;
				ENABLE_NS_ASSERTIONS = NO;
				ENABLE_STRICT_OBJC_MSGSEND = YES;
				ENABLE_USER_SCRIPT_SANDBOXING = YES;
				GCC_C_LANGUAGE_STANDARD = gnu17;
				GCC_NO_COMMON_BLOCKS = YES;
				GCC_WARN_64_TO_32_BIT_CONVERSION = YES;
				GCC_WARN_ABOUT_RETURN_TYPE = YES_ERROR;
				GCC_WARN_UNDECLARED_SELECTOR = YES;
				GCC_WARN_UNINITIALIZED_AUTOS = YES_AGGRESSIVE;
				GCC_WARN_UNUSED_FUNCTION = YES;
				GCC_WARN_UNUSED_VARIABLE = YES;
				LOCALIZATION_PREFERS_STRING_CATALOGS = YES;
				MTL_ENABLE_DEBUG_INFO = NO;
				MTL_FAST_MATH = YES;
				SWIFT_COMPILATION_MODE = wholemodule;
			};
			name = Release;
		};
		B20C62BE2FFD556F00280BFB /* Debug */ = {
			isa = XCBuildConfiguration;
			buildSettings = {
				ASSETCATALOG_COMPILER_APPICON_NAME = AppIcon;
				ASSETCATALOG_COMPILER_GLOBAL_ACCENT_COLOR_NAME = AccentColor;
				CODE_SIGN_ENTITLEMENTS = QuestKeeper/QuestKeeper.entitlements;
				CODE_SIGN_STYLE = Automatic;
				CURRENT_PROJECT_VERSION = 1;
				DEVELOPMENT_TEAM = 393JTTV68D;
				ENABLE_APP_SANDBOX = YES;
				ENABLE_HARDENED_RUNTIME = YES;
				ENABLE_PREVIEWS = YES;
				ENABLE_USER_SELECTED_FILES = readonly;
				GENERATE_INFOPLIST_FILE = YES;
				INFOPLIST_KEY_LSApplicationCategoryType = "public.app-category.productivity";
				"INFOPLIST_KEY_UIApplicationSceneManifest_Generation[sdk=iphoneos*]" = YES;
				"INFOPLIST_KEY_UIApplicationSceneManifest_Generation[sdk=iphonesimulator*]" = YES;
				"INFOPLIST_KEY_UIApplicationSupportsIndirectInputEvents[sdk=iphoneos*]" = YES;
				"INFOPLIST_KEY_UIApplicationSupportsIndirectInputEvents[sdk=iphonesimulator*]" = YES;
				"INFOPLIST_KEY_UILaunchScreen_Generation[sdk=iphoneos*]" = YES;
				"INFOPLIST_KEY_UILaunchScreen_Generation[sdk=iphonesimulator*]" = YES;
				"INFOPLIST_KEY_UIStatusBarStyle[sdk=iphoneos*]" = UIStatusBarStyleDefault;
				"INFOPLIST_KEY_UIStatusBarStyle[sdk=iphonesimulator*]" = UIStatusBarStyleDefault;
				INFOPLIST_KEY_UISupportedInterfaceOrientations_iPad = "UIInterfaceOrientationPortrait UIInterfaceOrientationPortraitUpsideDown UIInterfaceOrientationLandscapeLeft UIInterfaceOrientationLandscapeRight";
				INFOPLIST_KEY_UISupportedInterfaceOrientations_iPhone = "UIInterfaceOrientationPortrait UIInterfaceOrientationLandscapeLeft UIInterfaceOrientationLandscapeRight";
				IPHONEOS_DEPLOYMENT_TARGET = 26.5;
				LD_RUNPATH_SEARCH_PATHS = "@executable_path/Frameworks";
				"LD_RUNPATH_SEARCH_PATHS[sdk=macosx*]" = "@executable_path/../Frameworks";
				MARKETING_VERSION = 1.0;
				PRODUCT_BUNDLE_IDENTIFIER = kr.donminzzi.QuestKeeper;
				PRODUCT_NAME = "$(TARGET_NAME)";
				REGISTER_APP_GROUPS = YES;
				SDKROOT = auto;
				STRING_CATALOG_GENERATE_SYMBOLS = YES;
				SUPPORTED_PLATFORMS = "iphoneos iphonesimulator";
				SWIFT_APPROACHABLE_CONCURRENCY = YES;
				SWIFT_DEFAULT_ACTOR_ISOLATION = MainActor;
				SWIFT_EMIT_LOC_STRINGS = YES;
				SWIFT_STRICT_CONCURRENCY = complete;
				SWIFT_UPCOMING_FEATURE_MEMBER_IMPORT_VISIBILITY = YES;
				SWIFT_VERSION = 6.0;
				TARGETED_DEVICE_FAMILY = 1;
			};
			name = Debug;
		};
		B20C62BF2FFD556F00280BFB /* Release */ = {
			isa = XCBuildConfiguration;
			buildSettings = {
				ASSETCATALOG_COMPILER_APPICON_NAME = AppIcon;
				ASSETCATALOG_COMPILER_GLOBAL_ACCENT_COLOR_NAME = AccentColor;
				CODE_SIGN_ENTITLEMENTS = QuestKeeper/QuestKeeper.entitlements;
				CODE_SIGN_STYLE = Automatic;
				CURRENT_PROJECT_VERSION = 1;
				DEVELOPMENT_TEAM = 393JTTV68D;
				ENABLE_APP_SANDBOX = YES;
				ENABLE_HARDENED_RUNTIME = YES;
				ENABLE_PREVIEWS = YES;
				ENABLE_USER_SELECTED_FILES = readonly;
				GENERATE_INFOPLIST_FILE = YES;
				INFOPLIST_KEY_LSApplicationCategoryType = "public.app-category.productivity";
				"INFOPLIST_KEY_UIApplicationSceneManifest_Generation[sdk=iphoneos*]" = YES;
				"INFOPLIST_KEY_UIApplicationSceneManifest_Generation[sdk=iphonesimulator*]" = YES;
				"INFOPLIST_KEY_UIApplicationSupportsIndirectInputEvents[sdk=iphoneos*]" = YES;
				"INFOPLIST_KEY_UIApplicationSupportsIndirectInputEvents[sdk=iphonesimulator*]" = YES;
				"INFOPLIST_KEY_UILaunchScreen_Generation[sdk=iphoneos*]" = YES;
				"INFOPLIST_KEY_UILaunchScreen_Generation[sdk=iphonesimulator*]" = YES;
				"INFOPLIST_KEY_UIStatusBarStyle[sdk=iphoneos*]" = UIStatusBarStyleDefault;
				"INFOPLIST_KEY_UIStatusBarStyle[sdk=iphonesimulator*]" = UIStatusBarStyleDefault;
				INFOPLIST_KEY_UISupportedInterfaceOrientations_iPad = "UIInterfaceOrientationPortrait UIInterfaceOrientationPortraitUpsideDown UIInterfaceOrientationLandscapeLeft UIInterfaceOrientationLandscapeRight";
				INFOPLIST_KEY_UISupportedInterfaceOrientations_iPhone = "UIInterfaceOrientationPortrait UIInterfaceOrientationLandscapeLeft UIInterfaceOrientationLandscapeRight";
				IPHONEOS_DEPLOYMENT_TARGET = 26.5;
				LD_RUNPATH_SEARCH_PATHS = "@executable_path/Frameworks";
				"LD_RUNPATH_SEARCH_PATHS[sdk=macosx*]" = "@executable_path/../Frameworks";
				MARKETING_VERSION = 1.0;
				PRODUCT_BUNDLE_IDENTIFIER = kr.donminzzi.QuestKeeper;
				PRODUCT_NAME = "$(TARGET_NAME)";
				REGISTER_APP_GROUPS = YES;
				SDKROOT = auto;
				STRING_CATALOG_GENERATE_SYMBOLS = YES;
				SUPPORTED_PLATFORMS = "iphoneos iphonesimulator";
				SWIFT_APPROACHABLE_CONCURRENCY = YES;
				SWIFT_DEFAULT_ACTOR_ISOLATION = MainActor;
				SWIFT_EMIT_LOC_STRINGS = YES;
				SWIFT_STRICT_CONCURRENCY = complete;
				SWIFT_UPCOMING_FEATURE_MEMBER_IMPORT_VISIBILITY = YES;
				SWIFT_VERSION = 6.0;
				TARGETED_DEVICE_FAMILY = 1;
			};
			name = Release;
		};
		B20C62C12FFD556F00280BFB /* Debug */ = {
			isa = XCBuildConfiguration;
			buildSettings = {
				BUNDLE_LOADER = "$(TEST_HOST)";
				CODE_SIGN_STYLE = Automatic;
				CURRENT_PROJECT_VERSION = 1;
				DEVELOPMENT_TEAM = 393JTTV68D;
				GENERATE_INFOPLIST_FILE = YES;
				IPHONEOS_DEPLOYMENT_TARGET = 26.5;
				MARKETING_VERSION = 1.0;
				PRODUCT_BUNDLE_IDENTIFIER = kr.donminzzi.QuestKeeperTests;
				PRODUCT_NAME = "$(TARGET_NAME)";
				SDKROOT = auto;
				STRING_CATALOG_GENERATE_SYMBOLS = NO;
				SUPPORTED_PLATFORMS = "iphoneos iphonesimulator";
				SWIFT_APPROACHABLE_CONCURRENCY = YES;
				SWIFT_EMIT_LOC_STRINGS = NO;
				SWIFT_STRICT_CONCURRENCY = complete;
				SWIFT_UPCOMING_FEATURE_MEMBER_IMPORT_VISIBILITY = YES;
				SWIFT_VERSION = 6.0;
				TARGETED_DEVICE_FAMILY = 1;
				TEST_HOST = "$(BUILT_PRODUCTS_DIR)/QuestKeeper.app/$(BUNDLE_EXECUTABLE_FOLDER_PATH)/QuestKeeper";
			};
			name = Debug;
		};
		B20C62C22FFD556F00280BFB /* Release */ = {
			isa = XCBuildConfiguration;
			buildSettings = {
				BUNDLE_LOADER = "$(TEST_HOST)";
				CODE_SIGN_STYLE = Automatic;
				CURRENT_PROJECT_VERSION = 1;
				DEVELOPMENT_TEAM = 393JTTV68D;
				GENERATE_INFOPLIST_FILE = YES;
				IPHONEOS_DEPLOYMENT_TARGET = 26.5;
				MARKETING_VERSION = 1.0;
				PRODUCT_BUNDLE_IDENTIFIER = kr.donminzzi.QuestKeeperTests;
				PRODUCT_NAME = "$(TARGET_NAME)";
				SDKROOT = auto;
				STRING_CATALOG_GENERATE_SYMBOLS = NO;
				SUPPORTED_PLATFORMS = "iphoneos iphonesimulator";
				SWIFT_APPROACHABLE_CONCURRENCY = YES;
				SWIFT_EMIT_LOC_STRINGS = NO;
				SWIFT_STRICT_CONCURRENCY = complete;
				SWIFT_UPCOMING_FEATURE_MEMBER_IMPORT_VISIBILITY = YES;
				SWIFT_VERSION = 6.0;
				TARGETED_DEVICE_FAMILY = 1;
				TEST_HOST = "$(BUILT_PRODUCTS_DIR)/QuestKeeper.app/$(BUNDLE_EXECUTABLE_FOLDER_PATH)/QuestKeeper";
			};
			name = Release;
		};
		B20C62C42FFD556F00280BFB /* Debug */ = {
			isa = XCBuildConfiguration;
			buildSettings = {
				CODE_SIGN_STYLE = Automatic;
				CURRENT_PROJECT_VERSION = 1;
				DEVELOPMENT_TEAM = 393JTTV68D;
				GENERATE_INFOPLIST_FILE = YES;
				IPHONEOS_DEPLOYMENT_TARGET = 26.5;
				MARKETING_VERSION = 1.0;
				PRODUCT_BUNDLE_IDENTIFIER = kr.donminzzi.QuestKeeperUITests;
				PRODUCT_NAME = "$(TARGET_NAME)";
				SDKROOT = auto;
				STRING_CATALOG_GENERATE_SYMBOLS = NO;
				SUPPORTED_PLATFORMS = "iphoneos iphonesimulator";
				SWIFT_APPROACHABLE_CONCURRENCY = YES;
				SWIFT_EMIT_LOC_STRINGS = NO;
				SWIFT_STRICT_CONCURRENCY = complete;
				SWIFT_UPCOMING_FEATURE_MEMBER_IMPORT_VISIBILITY = YES;
				SWIFT_VERSION = 6.0;
				TARGETED_DEVICE_FAMILY = 1;
				TEST_TARGET_NAME = QuestKeeper;
			};
			name = Debug;
		};
		B20C62C52FFD556F00280BFB /* Release */ = {
			isa = XCBuildConfiguration;
			buildSettings = {
				CODE_SIGN_STYLE = Automatic;
				CURRENT_PROJECT_VERSION = 1;
				DEVELOPMENT_TEAM = 393JTTV68D;
				GENERATE_INFOPLIST_FILE = YES;
				IPHONEOS_DEPLOYMENT_TARGET = 26.5;
				MARKETING_VERSION = 1.0;
				PRODUCT_BUNDLE_IDENTIFIER = kr.donminzzi.QuestKeeperUITests;
				PRODUCT_NAME = "$(TARGET_NAME)";
				SDKROOT = auto;
				STRING_CATALOG_GENERATE_SYMBOLS = NO;
				SUPPORTED_PLATFORMS = "iphoneos iphonesimulator";
				SWIFT_APPROACHABLE_CONCURRENCY = YES;
				SWIFT_EMIT_LOC_STRINGS = NO;
				SWIFT_STRICT_CONCURRENCY = complete;
				SWIFT_UPCOMING_FEATURE_MEMBER_IMPORT_VISIBILITY = YES;
				SWIFT_VERSION = 6.0;
				TARGETED_DEVICE_FAMILY = 1;
				TEST_TARGET_NAME = QuestKeeper;
			};
			name = Release;
		};
		F7B47EBB2FFD02AA00D8D4A1 /* Debug */ = {
			isa = XCBuildConfiguration;
			buildSettings = {
				CODE_SIGN_ENTITLEMENTS = QuestKeeperWidget/QuestKeeperWidget.entitlements;
				CODE_SIGN_STYLE = Automatic;
				CURRENT_PROJECT_VERSION = 1;
				DEVELOPMENT_TEAM = 393JTTV68D;
				GENERATE_INFOPLIST_FILE = NO;
				INFOPLIST_FILE = QuestKeeperWidget/Info.plist;
				IPHONEOS_DEPLOYMENT_TARGET = 26.5;
				MARKETING_VERSION = 1.0;
				PRODUCT_BUNDLE_IDENTIFIER = kr.donminzzi.QuestKeeper.Widget;
				PRODUCT_NAME = "$(TARGET_NAME)";
				REGISTER_APP_GROUPS = YES;
				SDKROOT = auto;
				SKIP_INSTALL = YES;
				STRING_CATALOG_GENERATE_SYMBOLS = NO;
				SUPPORTED_PLATFORMS = "iphoneos iphonesimulator";
				SWIFT_APPROACHABLE_CONCURRENCY = YES;
				SWIFT_DEFAULT_ACTOR_ISOLATION = MainActor;
				SWIFT_EMIT_LOC_STRINGS = YES;
				SWIFT_STRICT_CONCURRENCY = complete;
				SWIFT_UPCOMING_FEATURE_MEMBER_IMPORT_VISIBILITY = YES;
				SWIFT_VERSION = 6.0;
				TARGETED_DEVICE_FAMILY = 1;
			};
			name = Debug;
		};
		F7B47EBC2FFD02AA00D8D4A1 /* Release */ = {
			isa = XCBuildConfiguration;
			buildSettings = {
				CODE_SIGN_ENTITLEMENTS = QuestKeeperWidget/QuestKeeperWidget.entitlements;
				CODE_SIGN_STYLE = Automatic;
				CURRENT_PROJECT_VERSION = 1;
				DEVELOPMENT_TEAM = 393JTTV68D;
				GENERATE_INFOPLIST_FILE = NO;
				INFOPLIST_FILE = QuestKeeperWidget/Info.plist;
				IPHONEOS_DEPLOYMENT_TARGET = 26.5;
				MARKETING_VERSION = 1.0;
				PRODUCT_BUNDLE_IDENTIFIER = kr.donminzzi.QuestKeeper.Widget;
				PRODUCT_NAME = "$(TARGET_NAME)";
				REGISTER_APP_GROUPS = YES;
				SDKROOT = auto;
				SKIP_INSTALL = YES;
				STRING_CATALOG_GENERATE_SYMBOLS = NO;
				SUPPORTED_PLATFORMS = "iphoneos iphonesimulator";
				SWIFT_APPROACHABLE_CONCURRENCY = YES;
				SWIFT_DEFAULT_ACTOR_ISOLATION = MainActor;
				SWIFT_EMIT_LOC_STRINGS = YES;
				SWIFT_STRICT_CONCURRENCY = complete;
				SWIFT_UPCOMING_FEATURE_MEMBER_IMPORT_VISIBILITY = YES;
				SWIFT_VERSION = 6.0;
				TARGETED_DEVICE_FAMILY = 1;
			};
			name = Release;
		};
/* End XCBuildConfiguration section */

/* Begin XCConfigurationList section */
		B20C62952FFD556E00280BFB /* Build configuration list for PBXProject "QuestKeeper" */ = {
			isa = XCConfigurationList;
			buildConfigurations = (
				B20C62BB2FFD556F00280BFB /* Debug */,
				B20C62BC2FFD556F00280BFB /* Release */,
			);
			defaultConfigurationIsVisible = 0;
			defaultConfigurationName = Release;
		};
		B20C62BD2FFD556F00280BFB /* Build configuration list for PBXNativeTarget "QuestKeeper" */ = {
			isa = XCConfigurationList;
			buildConfigurations = (
				B20C62BE2FFD556F00280BFB /* Debug */,
				B20C62BF2FFD556F00280BFB /* Release */,
			);
			defaultConfigurationIsVisible = 0;
			defaultConfigurationName = Release;
		};
		B20C62C02FFD556F00280BFB /* Build configuration list for PBXNativeTarget "QuestKeeperTests" */ = {
			isa = XCConfigurationList;
			buildConfigurations = (
				B20C62C12FFD556F00280BFB /* Debug */,
				B20C62C22FFD556F00280BFB /* Release */,
			);
			defaultConfigurationIsVisible = 0;
			defaultConfigurationName = Release;
		};
		B20C62C32FFD556F00280BFB /* Build configuration list for PBXNativeTarget "QuestKeeperUITests" */ = {
			isa = XCConfigurationList;
			buildConfigurations = (
				B20C62C42FFD556F00280BFB /* Debug */,
				B20C62C52FFD556F00280BFB /* Release */,
			);
			defaultConfigurationIsVisible = 0;
			defaultConfigurationName = Release;
		};
		F7B47EBD2FFD02AA00D8D4A1 /* Build configuration list for PBXNativeTarget "QuestKeeperWidget" */ = {
			isa = XCConfigurationList;
			buildConfigurations = (
				F7B47EBB2FFD02AA00D8D4A1 /* Debug */,
				F7B47EBC2FFD02AA00D8D4A1 /* Release */,
			);
			defaultConfigurationIsVisible = 0;
			defaultConfigurationName = Release;
		};
/* End XCConfigurationList section */
	};
	rootObject = B20C62922FFD556D00280BFB /* Project object */;
}
